
Microsoft Visual Studio Solution File, Format Version 12.00
# Visual Studio 15
VisualStudioVersion = 15.0.26228.4
MinimumVisualStudioVersion = 10.0.40219.1
Project("{9A19103F-16F7-4668-BE54-9A1E7A4F7556}") = "TestAuthority.Host", "source\TestAuthority.Host\TestAuthority.Host.csproj", "{B16E4C07-B615-4E92-8077-7A7510C06E7F}"
EndProject
Project("{FAE04EC0-301F-11D3-BF4B-00C04F79EFBC}") = "TestAuthority.Domain", "source\TestAuthority.Domain\TestAuthority.Domain.csproj", "{84A5DE1E-D523-4181-9581-C6E7C758588D}"
EndProject
Project("{FAE04EC0-301F-11D3-BF4B-00C04F79EFBC}") = "TestAuthority.Application", "source\TestAuthority.Application\TestAuthority.Application.csproj", "{DF09E3D4-9DB3-495E-B7A0-389887480082}"
EndProject
Project("{FAE04EC0-301F-11D3-BF4B-00C04F79EFBC}") = "TestAuthority.UnitTests", "tests\TestAuthority.UnitTests\TestAuthority.UnitTests.csproj", "{529EBD07-85D5-4A5D-8D4A-2240660D256D}"
EndProject
Global
	GlobalSection(SolutionConfigurationPlatforms) = preSolution
		Debug|Any CPU = Debug|Any CPU
		Release|Any CPU = Release|Any CPU
	EndGlobalSection
	GlobalSection(ProjectConfigurationPlatforms) = postSolution
		{B16E4C07-B615-4E92-8077-7A7510C06E7F}.Debug|Any CPU.ActiveCfg = Debug|Any CPU
		{B16E4C07-B615-4E92-8077-7A7510C06E7F}.Debug|Any CPU.Build.0 = Debug|Any CPU
		{B16E4C07-B615-4E92-8077-7A7510C06E7F}.Release|Any CPU.ActiveCfg = Release|Any CPU
		{B16E4C07-B615-4E92-8077-7A7510C06E7F}.Release|Any CPU.Build.0 = Release|Any CPU
		{84A5DE1E-D523-4181-9581-C6E7C758588D}.Debug|Any CPU.ActiveCfg = Debug|Any CPU
		{84A5DE1E-D523-4181-9581-C6E7C758588D}.Debug|Any CPU.Build.0 = Debug|Any CPU
		{84A5DE1E-D523-4181-9581-C6E7C758588D}.Release|Any CPU.ActiveCfg = Release|Any CPU
		{84A5DE1E-D523-4181-9581-C6E7C758588D}.Release|Any CPU.Build.0 = Release|Any CPU
		{DF09E3D4-9DB3-495E-B7A0-389887480082}.Debug|Any CPU.ActiveCfg = Debug|Any CPU
		{DF09E3D4-9DB3-495E-B7A0-389887480082}.Debug|Any CPU.Build.0 = Debug|Any CPU
		{DF09E3D4-9DB3-495E-B7A0-389887480082}.Release|Any CPU.ActiveCfg = Release|Any CPU
		{DF09E3D4-9DB3-495E-B7A0-389887480082}.Release|Any CPU.Build.0 = Release|Any CPU
		{529EBD07-85D5-4A5D-8D4A-2240660D256D}.Debug|Any CPU.ActiveCfg = Debug|Any CPU
		{529EBD07-85D5-4A5D-8D4A-2240660D256D}.Debug|Any CPU.Build.0 = Debug|Any CPU
		{529EBD07-85D5-4A5D-8D4A-2240660D256D}.Release|Any CPU.ActiveCfg = Release|Any CPU
		{529EBD07-85D5-4A5D-8D4A-2240660D256D}.Release|Any CPU.Build.0 = Release|Any CPU
	EndGlobalSection
	GlobalSection(SolutionProperties) = preSolution
		HideSolutionNode = FALSE
	EndGlobalSection
	GlobalSection(ExtensibilityGlobals) = postSolution
		SolutionGuid = {28AAAB80-E9B0-48C6-B670-BD70A815080F}
	EndGlobalSection
EndGlobal
